
Microsoft Visual Studio Solution File, Format Version 12.00
# Visual Studio 15
VisualStudioVersion = 15.0.27703.2018
MinimumVisualStudioVersion = 10.0.40219.1
Project("{FAE04EC0-301F-11D3-BF4B-00C04F79EFBC}") = "Lesson_01_FirstProject", "Lesson1\Lesson_01_FirstProject.csproj", "{5F567B2C-027F-44B4-84BE-6E93217C827A}"
EndProject
Project("{FAE04EC0-301F-11D3-BF4B-00C04F79EFBC}") = "Lesson_02_DataTypes", "Lesson_2_DataTypes\Lesson_02_DataTypes.csproj", "{25A424EB-2630-4700-B5D3-B6474A42BAA4}"
EndProject
Project("{FAE04EC0-301F-11D3-BF4B-00C04F79EFBC}") = "Lesson_03_Arrays", "Lesson_3_Arrays\Lesson_03_Arrays.csproj", "{787FFEF4-CE91-45FA-923F-9CFEE75AFDAB}"
EndProject
Project("{FAE04EC0-301F-11D3-BF4B-00C04F79EFBC}") = "ControlWork_1", "ControlWork_1\ControlWork_1.csproj", "{01768F99-324F-42D8-A231-91989449822A}"
EndProject
Project("{FAE04EC0-301F-11D3-BF4B-00C04F79EFBC}") = "Lesson_04", "Lesson_4\Lesson_04.csproj", "{0A22909E-B307-4CAF-847A-72BA4B28960F}"
EndProject
Project("{FAE04EC0-301F-11D3-BF4B-00C04F79EFBC}") = "Lesson_05_OOP", "Lesson_5_OOP\Lesson_05_OOP.csproj", "{026A2741-63E2-4CCD-A2D6-2A0613793D6B}"
EndProject
Project("{FAE04EC0-301F-11D3-BF4B-00C04F79EFBC}") = "Lesson_06_Classes", "Lesson_6_Classes\Lesson_06_Classes.csproj", "{2246E92B-6630-42A5-8014-05E90F5FB977}"
EndProject
Project("{FAE04EC0-301F-11D3-BF4B-00C04F79EFBC}") = "Lesson_10_MyCollections", "Lesson_10_BinaryTree\Lesson_10_MyCollections.csproj", "{2C88C554-B28A-4406-93D0-CF2DBC65B059}"
EndProject
Project("{FAE04EC0-301F-11D3-BF4B-00C04F79EFBC}") = "Lesson_18_Linq", "Lesson_18_Linq\Lesson_18_Linq.csproj", "{58CB8BCC-2F40-43B3-A832-321E8FC5C764}"
EndProject
Project("{FAE04EC0-301F-11D3-BF4B-00C04F79EFBC}") = "Lesson_20_Exceptions", "Lesson_20_Exceptions\Lesson_20_Exceptions.csproj", "{1A87BCB8-16B1-4D51-AE91-AB14A6EECD6C}"
EndProject
Project("{FAE04EC0-301F-11D3-BF4B-00C04F79EFBC}") = "Lesson_21_IO", "Lesson_21_IO\Lesson_21_IO.csproj", "{172EB254-F86C-4732-BFD9-A80522074E5B}"
EndProject
Project("{FAE04EC0-301F-11D3-BF4B-00C04F79EFBC}") = "Lesson_22_FileManager", "Lesson_22_FileManager\Lesson_22_FileManager.csproj", "{A6264240-21E4-4C91-9F2D-C7FB75E58980}"
EndProject
Global
	GlobalSection(SolutionConfigurationPlatforms) = preSolution
		Debug|Any CPU = Debug|Any CPU
		Release|Any CPU = Release|Any CPU
	EndGlobalSection
	GlobalSection(ProjectConfigurationPlatforms) = postSolution
		{5F567B2C-027F-44B4-84BE-6E93217C827A}.Debug|Any CPU.ActiveCfg = Debug|Any CPU
		{5F567B2C-027F-44B4-84BE-6E93217C827A}.Debug|Any CPU.Build.0 = Debug|Any CPU
		{5F567B2C-027F-44B4-84BE-6E93217C827A}.Release|Any CPU.ActiveCfg = Release|Any CPU
		{5F567B2C-027F-44B4-84BE-6E93217C827A}.Release|Any CPU.Build.0 = Release|Any CPU
		{25A424EB-2630-4700-B5D3-B6474A42BAA4}.Debug|Any CPU.ActiveCfg = Debug|Any CPU
		{25A424EB-2630-4700-B5D3-B6474A42BAA4}.Debug|Any CPU.Build.0 = Debug|Any CPU
		{25A424EB-2630-4700-B5D3-B6474A42BAA4}.Release|Any CPU.ActiveCfg = Release|Any CPU
		{25A424EB-2630-4700-B5D3-B6474A42BAA4}.Release|Any CPU.Build.0 = Release|Any CPU
		{787FFEF4-CE91-45FA-923F-9CFEE75AFDAB}.Debug|Any CPU.ActiveCfg = Debug|Any CPU
		{787FFEF4-CE91-45FA-923F-9CFEE75AFDAB}.Debug|Any CPU.Build.0 = Debug|Any CPU
		{787FFEF4-CE91-45FA-923F-9CFEE75AFDAB}.Release|Any CPU.ActiveCfg = Release|Any CPU
		{787FFEF4-CE91-45FA-923F-9CFEE75AFDAB}.Release|Any CPU.Build.0 = Release|Any CPU
		{01768F99-324F-42D8-A231-91989449822A}.Debug|Any CPU.ActiveCfg = Debug|Any CPU
		{01768F99-324F-42D8-A231-91989449822A}.Debug|Any CPU.Build.0 = Debug|Any CPU
		{01768F99-324F-42D8-A231-91989449822A}.Release|Any CPU.ActiveCfg = Release|Any CPU
		{01768F99-324F-42D8-A231-91989449822A}.Release|Any CPU.Build.0 = Release|Any CPU
		{0A22909E-B307-4CAF-847A-72BA4B28960F}.Debug|Any CPU.ActiveCfg = Debug|Any CPU
		{0A22909E-B307-4CAF-847A-72BA4B28960F}.Debug|Any CPU.Build.0 = Debug|Any CPU
		{0A22909E-B307-4CAF-847A-72BA4B28960F}.Release|Any CPU.ActiveCfg = Release|Any CPU
		{0A22909E-B307-4CAF-847A-72BA4B28960F}.Release|Any CPU.Build.0 = Release|Any CPU
		{026A2741-63E2-4CCD-A2D6-2A0613793D6B}.Debug|Any CPU.ActiveCfg = Debug|Any CPU
		{026A2741-63E2-4CCD-A2D6-2A0613793D6B}.Debug|Any CPU.Build.0 = Debug|Any CPU
		{026A2741-63E2-4CCD-A2D6-2A0613793D6B}.Release|Any CPU.ActiveCfg = Release|Any CPU
		{026A2741-63E2-4CCD-A2D6-2A0613793D6B}.Release|Any CPU.Build.0 = Release|Any CPU
		{2246E92B-6630-42A5-8014-05E90F5FB977}.Debug|Any CPU.ActiveCfg = Debug|Any CPU
		{2246E92B-6630-42A5-8014-05E90F5FB977}.Debug|Any CPU.Build.0 = Debug|Any CPU
		{2246E92B-6630-42A5-8014-05E90F5FB977}.Release|Any CPU.ActiveCfg = Release|Any CPU
		{2246E92B-6630-42A5-8014-05E90F5FB977}.Release|Any CPU.Build.0 = Release|Any CPU
		{2C88C554-B28A-4406-93D0-CF2DBC65B059}.Debug|Any CPU.ActiveCfg = Debug|Any CPU
		{2C88C554-B28A-4406-93D0-CF2DBC65B059}.Debug|Any CPU.Build.0 = Debug|Any CPU
		{2C88C554-B28A-4406-93D0-CF2DBC65B059}.Release|Any CPU.ActiveCfg = Release|Any CPU
		{2C88C554-B28A-4406-93D0-CF2DBC65B059}.Release|Any CPU.Build.0 = Release|Any CPU
		{58CB8BCC-2F40-43B3-A832-321E8FC5C764}.Debug|Any CPU.ActiveCfg = Debug|Any CPU
		{58CB8BCC-2F40-43B3-A832-321E8FC5C764}.Debug|Any CPU.Build.0 = Debug|Any CPU
		{58CB8BCC-2F40-43B3-A832-321E8FC5C764}.Release|Any CPU.ActiveCfg = Release|Any CPU
		{58CB8BCC-2F40-43B3-A832-321E8FC5C764}.Release|Any CPU.Build.0 = Release|Any CPU
		{1A87BCB8-16B1-4D51-AE91-AB14A6EECD6C}.Debug|Any CPU.ActiveCfg = Debug|Any CPU
		{1A87BCB8-16B1-4D51-AE91-AB14A6EECD6C}.Debug|Any CPU.Build.0 = Debug|Any CPU
		{1A87BCB8-16B1-4D51-AE91-AB14A6EECD6C}.Release|Any CPU.ActiveCfg = Release|Any CPU
		{1A87BCB8-16B1-4D51-AE91-AB14A6EECD6C}.Release|Any CPU.Build.0 = Release|Any CPU
		{172EB254-F86C-4732-BFD9-A80522074E5B}.Debug|Any CPU.ActiveCfg = Debug|Any CPU
		{172EB254-F86C-4732-BFD9-A80522074E5B}.Debug|Any CPU.Build.0 = Debug|Any CPU
		{172EB254-F86C-4732-BFD9-A80522074E5B}.Release|Any CPU.ActiveCfg = Release|Any CPU
		{172EB254-F86C-4732-BFD9-A80522074E5B}.Release|Any CPU.Build.0 = Release|Any CPU
		{A6264240-21E4-4C91-9F2D-C7FB75E58980}.Debug|Any CPU.ActiveCfg = Debug|Any CPU
		{A6264240-21E4-4C91-9F2D-C7FB75E58980}.Debug|Any CPU.Build.0 = Debug|Any CPU
		{A6264240-21E4-4C91-9F2D-C7FB75E58980}.Release|Any CPU.ActiveCfg = Release|Any CPU
		{A6264240-21E4-4C91-9F2D-C7FB75E58980}.Release|Any CPU.Build.0 = Release|Any CPU
	EndGlobalSection
	GlobalSection(SolutionProperties) = preSolution
		HideSolutionNode = FALSE
	EndGlobalSection
	GlobalSection(ExtensibilityGlobals) = postSolution
		SolutionGuid = {B86567C1-0D0D-4CF3-98B3-9A60E96A1737}
	EndGlobalSection
EndGlobal
